
Microsoft Visual Studio Solution File, Format Version 12.00
# Visual Studio Version 16
VisualStudioVersion = 16.0.30128.74
MinimumVisualStudioVersion = 10.0.40219.1
Project("{9A19103F-16F7-4668-BE54-9A1E7A4F7556}") = "Harmony", "..\lib\HarmonyX\Harmony\Harmony.csproj", "{F2D7872C-5D4D-49EB-A656-C3D496DB4204}"
EndProject
Project("{9A19103F-16F7-4668-BE54-9A1E7A4F7556}") = "UnhollowerBaseLib", "..\lib\Il2CppAssemblyUnhollower\UnhollowerBaseLib\UnhollowerBaseLib.csproj", "{7B7E5024-385D-4A46-9196-A6AF8F7FBDD5}"
EndProject
Project("{FAE04EC0-301F-11D3-BF4B-00C04F79EFBC}") = "mcs", "..\lib\mcs-unity\mcs\mcs.csproj", "{E4989E4C-0875-4528-9031-08E2C0E70103}"
EndProject
Project("{FAE04EC0-301F-11D3-BF4B-00C04F79EFBC}") = "UnityExplorer", "UnityExplorer.csproj", "{B21DBDE3-5D6F-4726-93AB-CC3CC68BAE7D}"
EndProject
Global
	GlobalSection(SolutionConfigurationPlatforms) = preSolution
		Release_BIE_Cpp|Any CPU = Release_BIE_Cpp|Any CPU
		Release_BIE5_Mono|Any CPU = Release_BIE5_Mono|Any CPU
		Release_BIE6_Mono|Any CPU = Release_BIE6_Mono|Any CPU
		Release_ML_Cpp|Any CPU = Release_ML_Cpp|Any CPU
		Release_ML_Mono|Any CPU = Release_ML_Mono|Any CPU
		Release_MLLegacy_Cpp|Any CPU = Release_MLLegacy_Cpp|Any CPU
		Release_MLLegacy_Mono|Any CPU = Release_MLLegacy_Mono|Any CPU
		Release_STANDALONE_Cpp|Any CPU = Release_STANDALONE_Cpp|Any CPU
		Release_STANDALONE_Mono|Any CPU = Release_STANDALONE_Mono|Any CPU
	EndGlobalSection
	GlobalSection(ProjectConfigurationPlatforms) = postSolution
		{F2D7872C-5D4D-49EB-A656-C3D496DB4204}.Release_BIE_Cpp|Any CPU.ActiveCfg = Release|Any CPU
		{F2D7872C-5D4D-49EB-A656-C3D496DB4204}.Release_BIE_Cpp|Any CPU.Build.0 = Release|Any CPU
		{F2D7872C-5D4D-49EB-A656-C3D496DB4204}.Release_BIE5_Mono|Any CPU.ActiveCfg = Release|Any CPU
		{F2D7872C-5D4D-49EB-A656-C3D496DB4204}.Release_BIE5_Mono|Any CPU.Build.0 = Release|Any CPU
		{F2D7872C-5D4D-49EB-A656-C3D496DB4204}.Release_BIE6_Mono|Any CPU.ActiveCfg = Release|Any CPU
		{F2D7872C-5D4D-49EB-A656-C3D496DB4204}.Release_BIE6_Mono|Any CPU.Build.0 = Release|Any CPU
		{F2D7872C-5D4D-49EB-A656-C3D496DB4204}.Release_ML_Cpp|Any CPU.ActiveCfg = Release|Any CPU
		{F2D7872C-5D4D-49EB-A656-C3D496DB4204}.Release_ML_Cpp|Any CPU.Build.0 = Release|Any CPU
		{F2D7872C-5D4D-49EB-A656-C3D496DB4204}.Release_ML_Mono|Any CPU.ActiveCfg = Release|Any CPU
		{F2D7872C-5D4D-49EB-A656-C3D496DB4204}.Release_ML_Mono|Any CPU.Build.0 = Release|Any CPU
		{F2D7872C-5D4D-49EB-A656-C3D496DB4204}.Release_MLLegacy_Cpp|Any CPU.ActiveCfg = Release|Any CPU
		{F2D7872C-5D4D-49EB-A656-C3D496DB4204}.Release_MLLegacy_Cpp|Any CPU.Build.0 = Release|Any CPU
		{F2D7872C-5D4D-49EB-A656-C3D496DB4204}.Release_MLLegacy_Mono|Any CPU.ActiveCfg = Release|Any CPU
		{F2D7872C-5D4D-49EB-A656-C3D496DB4204}.Release_MLLegacy_Mono|Any CPU.Build.0 = Release|Any CPU
		{F2D7872C-5D4D-49EB-A656-C3D496DB4204}.Release_STANDALONE_Cpp|Any CPU.ActiveCfg = Release|Any CPU
		{F2D7872C-5D4D-49EB-A656-C3D496DB4204}.Release_STANDALONE_Cpp|Any CPU.Build.0 = Release|Any CPU
		{F2D7872C-5D4D-49EB-A656-C3D496DB4204}.Release_STANDALONE_Mono|Any CPU.ActiveCfg = Release|Any CPU
		{F2D7872C-5D4D-49EB-A656-C3D496DB4204}.Release_STANDALONE_Mono|Any CPU.Build.0 = Release|Any CPU
		{7B7E5024-385D-4A46-9196-A6AF8F7FBDD5}.Release_BIE_Cpp|Any CPU.ActiveCfg = Release|Any CPU
		{7B7E5024-385D-4A46-9196-A6AF8F7FBDD5}.Release_BIE_Cpp|Any CPU.Build.0 = Release|Any CPU
		{7B7E5024-385D-4A46-9196-A6AF8F7FBDD5}.Release_BIE5_Mono|Any CPU.ActiveCfg = Release|Any CPU
		{7B7E5024-385D-4A46-9196-A6AF8F7FBDD5}.Release_BIE5_Mono|Any CPU.Build.0 = Release|Any CPU
		{7B7E5024-385D-4A46-9196-A6AF8F7FBDD5}.Release_BIE6_Mono|Any CPU.ActiveCfg = Release|Any CPU
		{7B7E5024-385D-4A46-9196-A6AF8F7FBDD5}.Release_BIE6_Mono|Any CPU.Build.0 = Release|Any CPU
		{7B7E5024-385D-4A46-9196-A6AF8F7FBDD5}.Release_ML_Cpp|Any CPU.ActiveCfg = Release|Any CPU
		{7B7E5024-385D-4A46-9196-A6AF8F7FBDD5}.Release_ML_Cpp|Any CPU.Build.0 = Release|Any CPU
		{7B7E5024-385D-4A46-9196-A6AF8F7FBDD5}.Release_ML_Mono|Any CPU.ActiveCfg = Release|Any CPU
		{7B7E5024-385D-4A46-9196-A6AF8F7FBDD5}.Release_ML_Mono|Any CPU.Build.0 = Release|Any CPU
		{7B7E5024-385D-4A46-9196-A6AF8F7FBDD5}.Release_MLLegacy_Cpp|Any CPU.ActiveCfg = Release|Any CPU
		{7B7E5024-385D-4A46-9196-A6AF8F7FBDD5}.Release_MLLegacy_Cpp|Any CPU.Build.0 = Release|Any CPU
		{7B7E5024-385D-4A46-9196-A6AF8F7FBDD5}.Release_MLLegacy_Mono|Any CPU.ActiveCfg = Release|Any CPU
		{7B7E5024-385D-4A46-9196-A6AF8F7FBDD5}.Release_MLLegacy_Mono|Any CPU.Build.0 = Release|Any CPU
		{7B7E5024-385D-4A46-9196-A6AF8F7FBDD5}.Release_STANDALONE_Cpp|Any CPU.ActiveCfg = Release|Any CPU
		{7B7E5024-385D-4A46-9196-A6AF8F7FBDD5}.Release_STANDALONE_Cpp|Any CPU.Build.0 = Release|Any CPU
		{7B7E5024-385D-4A46-9196-A6AF8F7FBDD5}.Release_STANDALONE_Mono|Any CPU.ActiveCfg = Release|Any CPU
		{7B7E5024-385D-4A46-9196-A6AF8F7FBDD5}.Release_STANDALONE_Mono|Any CPU.Build.0 = Release|Any CPU
		{E4989E4C-0875-4528-9031-08E2C0E70103}.Release_BIE_Cpp|Any CPU.ActiveCfg = Release|Any CPU
		{E4989E4C-0875-4528-9031-08E2C0E70103}.Release_BIE_Cpp|Any CPU.Build.0 = Release|Any CPU
		{E4989E4C-0875-4528-9031-08E2C0E70103}.Release_BIE5_Mono|Any CPU.ActiveCfg = Release|Any CPU
		{E4989E4C-0875-4528-9031-08E2C0E70103}.Release_BIE5_Mono|Any CPU.Build.0 = Release|Any CPU
		{E4989E4C-0875-4528-9031-08E2C0E70103}.Release_BIE6_Mono|Any CPU.ActiveCfg = Release|Any CPU
		{E4989E4C-0875-4528-9031-08E2C0E70103}.Release_BIE6_Mono|Any CPU.Build.0 = Release|Any CPU
		{E4989E4C-0875-4528-9031-08E2C0E70103}.Release_ML_Cpp|Any CPU.ActiveCfg = Release|Any CPU
		{E4989E4C-0875-4528-9031-08E2C0E70103}.Release_ML_Cpp|Any CPU.Build.0 = Release|Any CPU
		{E4989E4C-0875-4528-9031-08E2C0E70103}.Release_ML_Mono|Any CPU.ActiveCfg = Release|Any CPU
		{E4989E4C-0875-4528-9031-08E2C0E70103}.Release_ML_Mono|Any CPU.Build.0 = Release|Any CPU
		{E4989E4C-0875-4528-9031-08E2C0E70103}.Release_MLLegacy_Cpp|Any CPU.ActiveCfg = Release|Any CPU
		{E4989E4C-0875-4528-9031-08E2C0E70103}.Release_MLLegacy_Cpp|Any CPU.Build.0 = Release|Any CPU
		{E4989E4C-0875-4528-9031-08E2C0E70103}.Release_MLLegacy_Mono|Any CPU.ActiveCfg = Release|Any CPU
		{E4989E4C-0875-4528-9031-08E2C0E70103}.Release_MLLegacy_Mono|Any CPU.Build.0 = Release|Any CPU
		{E4989E4C-0875-4528-9031-08E2C0E70103}.Release_STANDALONE_Cpp|Any CPU.ActiveCfg = Release|Any CPU
		{E4989E4C-0875-4528-9031-08E2C0E70103}.Release_STANDALONE_Cpp|Any CPU.Build.0 = Release|Any CPU
		{E4989E4C-0875-4528-9031-08E2C0E70103}.Release_STANDALONE_Mono|Any CPU.ActiveCfg = Release|Any CPU
		{E4989E4C-0875-4528-9031-08E2C0E70103}.Release_STANDALONE_Mono|Any CPU.Build.0 = Release|Any CPU
		{B21DBDE3-5D6F-4726-93AB-CC3CC68BAE7D}.Release_BIE_Cpp|Any CPU.ActiveCfg = Release_BIE_Cpp|Any CPU
		{B21DBDE3-5D6F-4726-93AB-CC3CC68BAE7D}.Release_BIE_Cpp|Any CPU.Build.0 = Release_BIE_Cpp|Any CPU
		{B21DBDE3-5D6F-4726-93AB-CC3CC68BAE7D}.Release_BIE5_Mono|Any CPU.ActiveCfg = Release_BIE5_Mono|Any CPU
		{B21DBDE3-5D6F-4726-93AB-CC3CC68BAE7D}.Release_BIE5_Mono|Any CPU.Build.0 = Release_BIE5_Mono|Any CPU
		{B21DBDE3-5D6F-4726-93AB-CC3CC68BAE7D}.Release_BIE6_Mono|Any CPU.ActiveCfg = Release_BIE6_Mono|Any CPU
		{B21DBDE3-5D6F-4726-93AB-CC3CC68BAE7D}.Release_BIE6_Mono|Any CPU.Build.0 = Release_BIE6_Mono|Any CPU
		{B21DBDE3-5D6F-4726-93AB-CC3CC68BAE7D}.Release_ML_Cpp|Any CPU.ActiveCfg = Release_ML_Cpp|Any CPU
		{B21DBDE3-5D6F-4726-93AB-CC3CC68BAE7D}.Release_ML_Cpp|Any CPU.Build.0 = Release_ML_Cpp|Any CPU
		{B21DBDE3-5D6F-4726-93AB-CC3CC68BAE7D}.Release_ML_Mono|Any CPU.ActiveCfg = Release_ML_Mono|Any CPU
		{B21DBDE3-5D6F-4726-93AB-CC3CC68BAE7D}.Release_ML_Mono|Any CPU.Build.0 = Release_ML_Mono|Any CPU
		{B21DBDE3-5D6F-4726-93AB-CC3CC68BAE7D}.Release_MLLegacy_Cpp|Any CPU.ActiveCfg = Release_MLLegacy_Cpp|Any CPU
		{B21DBDE3-5D6F-4726-93AB-CC3CC68BAE7D}.Release_MLLegacy_Cpp|Any CPU.Build.0 = Release_MLLegacy_Cpp|Any CPU
		{B21DBDE3-5D6F-4726-93AB-CC3CC68BAE7D}.Release_MLLegacy_Mono|Any CPU.ActiveCfg = Release_MLLegacy_Mono|Any CPU
		{B21DBDE3-5D6F-4726-93AB-CC3CC68BAE7D}.Release_MLLegacy_Mono|Any CPU.Build.0 = Release_MLLegacy_Mono|Any CPU
		{B21DBDE3-5D6F-4726-93AB-CC3CC68BAE7D}.Release_STANDALONE_Cpp|Any CPU.ActiveCfg = Release_STANDALONE_Cpp|Any CPU
		{B21DBDE3-5D6F-4726-93AB-CC3CC68BAE7D}.Release_STANDALONE_Cpp|Any CPU.Build.0 = Release_STANDALONE_Cpp|Any CPU
		{B21DBDE3-5D6F-4726-93AB-CC3CC68BAE7D}.Release_STANDALONE_Mono|Any CPU.ActiveCfg = Release_STANDALONE_Mono|Any CPU
		{B21DBDE3-5D6F-4726-93AB-CC3CC68BAE7D}.Release_STANDALONE_Mono|Any CPU.Build.0 = Release_STANDALONE_Mono|Any CPU
	EndGlobalSection
	GlobalSection(SolutionProperties) = preSolution
		HideSolutionNode = FALSE
	EndGlobalSection
	GlobalSection(ExtensibilityGlobals) = postSolution
		SolutionGuid = {DD5C0A5D-03F1-4CC3-8B4D-E10834908C5A}
	EndGlobalSection
EndGlobal
