
Microsoft Visual Studio Solution File, Format Version 12.00
# Visual Studio Version 17
VisualStudioVersion = 17.1.32328.378
MinimumVisualStudioVersion = 10.0.40219.1
Project("{9A19103F-16F7-4668-BE54-9A1E7A4F7556}") = "UnityExplorer", "UnityExplorer.csproj", "{B21DBDE3-5D6F-4726-93AB-CC3CC68BAE7D}"
EndProject
Global
	GlobalSection(SolutionConfigurationPlatforms) = preSolution
		Release_BIE_Cpp|Any CPU = Release_BIE_Cpp|Any CPU
		Release_BIE5_Mono|Any CPU = Release_BIE5_Mono|Any CPU
		Release_BIE6_Mono|Any CPU = Release_BIE6_Mono|Any CPU
		Release_ML_Cpp_net472|Any CPU = Release_ML_Cpp_net472|Any CPU
		Release_ML_Cpp_net6|Any CPU = Release_ML_Cpp_net6|Any CPU
		Release_ML_Mono|Any CPU = Release_ML_Mono|Any CPU
		Release_STANDALONE_Cpp|Any CPU = Release_STANDALONE_Cpp|Any CPU
		Release_STANDALONE_Mono|Any CPU = Release_STANDALONE_Mono|Any CPU
	EndGlobalSection
	GlobalSection(ProjectConfigurationPlatforms) = postSolution
		{B21DBDE3-5D6F-4726-93AB-CC3CC68BAE7D}.Release_BIE_Cpp|Any CPU.ActiveCfg = BIE_Cpp|Any CPU
		{B21DBDE3-5D6F-4726-93AB-CC3CC68BAE7D}.Release_BIE_Cpp|Any CPU.Build.0 = BIE_Cpp|Any CPU
		{B21DBDE3-5D6F-4726-93AB-CC3CC68BAE7D}.Release_BIE5_Mono|Any CPU.ActiveCfg = BIE5_Mono|Any CPU
		{B21DBDE3-5D6F-4726-93AB-CC3CC68BAE7D}.Release_BIE5_Mono|Any CPU.Build.0 = BIE5_Mono|Any CPU
		{B21DBDE3-5D6F-4726-93AB-CC3CC68BAE7D}.Release_BIE6_Mono|Any CPU.ActiveCfg = BIE6_Mono|Any CPU
		{B21DBDE3-5D6F-4726-93AB-CC3CC68BAE7D}.Release_BIE6_Mono|Any CPU.Build.0 = BIE6_Mono|Any CPU
		{B21DBDE3-5D6F-4726-93AB-CC3CC68BAE7D}.Release_ML_Cpp_net472|Any CPU.ActiveCfg = ML_Cpp_net472|Any CPU
		{B21DBDE3-5D6F-4726-93AB-CC3CC68BAE7D}.Release_ML_Cpp_net472|Any CPU.Build.0 = ML_Cpp_net472|Any CPU
		{B21DBDE3-5D6F-4726-93AB-CC3CC68BAE7D}.Release_ML_Cpp_net6|Any CPU.ActiveCfg = ML_Cpp_net6|Any CPU
		{B21DBDE3-5D6F-4726-93AB-CC3CC68BAE7D}.Release_ML_Cpp_net6|Any CPU.Build.0 = ML_Cpp_net6|Any CPU
		{B21DBDE3-5D6F-4726-93AB-CC3CC68BAE7D}.Release_ML_Mono|Any CPU.ActiveCfg = ML_Mono|Any CPU
		{B21DBDE3-5D6F-4726-93AB-CC3CC68BAE7D}.Release_ML_Mono|Any CPU.Build.0 = ML_Mono|Any CPU
		{B21DBDE3-5D6F-4726-93AB-CC3CC68BAE7D}.Release_STANDALONE_Cpp|Any CPU.ActiveCfg = STANDALONE_Cpp|Any CPU
		{B21DBDE3-5D6F-4726-93AB-CC3CC68BAE7D}.Release_STANDALONE_Cpp|Any CPU.Build.0 = STANDALONE_Cpp|Any CPU
		{B21DBDE3-5D6F-4726-93AB-CC3CC68BAE7D}.Release_STANDALONE_Mono|Any CPU.ActiveCfg = STANDALONE_Mono|Any CPU
		{B21DBDE3-5D6F-4726-93AB-CC3CC68BAE7D}.Release_STANDALONE_Mono|Any CPU.Build.0 = STANDALONE_Mono|Any CPU
	EndGlobalSection
	GlobalSection(SolutionProperties) = preSolution
		HideSolutionNode = FALSE
	EndGlobalSection
	GlobalSection(ExtensibilityGlobals) = postSolution
		SolutionGuid = {DD5C0A5D-03F1-4CC3-8B4D-E10834908C5A}
	EndGlobalSection
EndGlobal
